
Microsoft Visual Studio Solution File, Format Version 11.00
# Visual Studio 15
Project("{8BC9CEB8-8B4A-11D0-8D11-00A0C91BC942}") = "3d", "3d.vcxproj", "{723260B6-048D-4DA0-AB0B-AF62F636DDEB}"
EndProject
Project("{8BC9CEB8-8B4A-11D0-8D11-00A0C91BC942}") = "3d_multi", "3d_multi.vcxproj", "{3927480D-59A5-4B0E-B466-DAA74BAAC08C}"
EndProject
Project("{8BC9CEB8-8B4A-11D0-8D11-00A0C91BC942}") = "event_parameter", "event_parameter.vcxproj", "{64D1CFC8-0B5F-40F3-A559-2BAAFD4E139E}"
EndProject
Project("{8BC9CEB8-8B4A-11D0-8D11-00A0C91BC942}") = "load_banks", "load_banks.vcxproj", "{42A1CCD8-FD10-4EC7-8CE3-0CD331BDB5F9}"
EndProject
Project("{8BC9CEB8-8B4A-11D0-8D11-00A0C91BC942}") = "music_callbacks", "music_callbacks.vcxproj", "{D6E5729A-8567-47F5-9BAB-1EFA3AAF3F8F}"
EndProject
Project("{8BC9CEB8-8B4A-11D0-8D11-00A0C91BC942}") = "objectpan", "objectpan.vcxproj", "{237CD579-468B-4F2B-A9F8-C425A6FB57C2}"
EndProject
Project("{8BC9CEB8-8B4A-11D0-8D11-00A0C91BC942}") = "programmer_sound", "programmer_sound.vcxproj", "{E9D07255-AE06-461E-9D87-4F1395D9F912}"
EndProject
Project("{8BC9CEB8-8B4A-11D0-8D11-00A0C91BC942}") = "recording_playback", "recording_playback.vcxproj", "{1B73221D-FBA3-47B4-A9A2-FBD13A2E2C43}"
EndProject
Project("{8BC9CEB8-8B4A-11D0-8D11-00A0C91BC942}") = "simple_event", "simple_event.vcxproj", "{2CDC96DF-E062-460E-8832-07D888A7C3FC}"
EndProject
Global
	GlobalSection(SolutionConfigurationPlatforms) = preSolution
		Debug|Win32 = Debug|Win32
		Debug|x64 = Debug|x64
		Release|Win32 = Release|Win32
		Release|x64 = Release|x64
	EndGlobalSection
	GlobalSection(ProjectConfigurationPlatforms) = postSolution
		{723260B6-048D-4DA0-AB0B-AF62F636DDEB}.Debug|Win32.ActiveCfg = Debug|Win32
		{723260B6-048D-4DA0-AB0B-AF62F636DDEB}.Debug|Win32.Build.0 = Debug|Win32
		{723260B6-048D-4DA0-AB0B-AF62F636DDEB}.Debug|Win32.Deploy.0 = Debug|Win32
		{723260B6-048D-4DA0-AB0B-AF62F636DDEB}.Debug|x64.ActiveCfg = Debug|x64
		{723260B6-048D-4DA0-AB0B-AF62F636DDEB}.Debug|x64.Build.0 = Debug|x64
		{723260B6-048D-4DA0-AB0B-AF62F636DDEB}.Debug|x64.Deploy.0 = Debug|x64
		{723260B6-048D-4DA0-AB0B-AF62F636DDEB}.Release|Win32.ActiveCfg = Release|Win32
		{723260B6-048D-4DA0-AB0B-AF62F636DDEB}.Release|Win32.Build.0 = Release|Win32
		{723260B6-048D-4DA0-AB0B-AF62F636DDEB}.Release|Win32.Deploy.0 = Release|Win32
		{723260B6-048D-4DA0-AB0B-AF62F636DDEB}.Release|x64.ActiveCfg = Release|x64
		{723260B6-048D-4DA0-AB0B-AF62F636DDEB}.Release|x64.Build.0 = Release|x64
		{723260B6-048D-4DA0-AB0B-AF62F636DDEB}.Release|x64.Deploy.0 = Release|x64
		{3927480D-59A5-4B0E-B466-DAA74BAAC08C}.Debug|Win32.ActiveCfg = Debug|Win32
		{3927480D-59A5-4B0E-B466-DAA74BAAC08C}.Debug|Win32.Build.0 = Debug|Win32
		{3927480D-59A5-4B0E-B466-DAA74BAAC08C}.Debug|Win32.Deploy.0 = Debug|Win32
		{3927480D-59A5-4B0E-B466-DAA74BAAC08C}.Debug|x64.ActiveCfg = Debug|x64
		{3927480D-59A5-4B0E-B466-DAA74BAAC08C}.Debug|x64.Build.0 = Debug|x64
		{3927480D-59A5-4B0E-B466-DAA74BAAC08C}.Debug|x64.Deploy.0 = Debug|x64
		{3927480D-59A5-4B0E-B466-DAA74BAAC08C}.Release|Win32.ActiveCfg = Release|Win32
		{3927480D-59A5-4B0E-B466-DAA74BAAC08C}.Release|Win32.Build.0 = Release|Win32
		{3927480D-59A5-4B0E-B466-DAA74BAAC08C}.Release|Win32.Deploy.0 = Release|Win32
		{3927480D-59A5-4B0E-B466-DAA74BAAC08C}.Release|x64.ActiveCfg = Release|x64
		{3927480D-59A5-4B0E-B466-DAA74BAAC08C}.Release|x64.Build.0 = Release|x64
		{3927480D-59A5-4B0E-B466-DAA74BAAC08C}.Release|x64.Deploy.0 = Release|x64
		{64D1CFC8-0B5F-40F3-A559-2BAAFD4E139E}.Debug|Win32.ActiveCfg = Debug|Win32
		{64D1CFC8-0B5F-40F3-A559-2BAAFD4E139E}.Debug|Win32.Build.0 = Debug|Win32
		{64D1CFC8-0B5F-40F3-A559-2BAAFD4E139E}.Debug|Win32.Deploy.0 = Debug|Win32
		{64D1CFC8-0B5F-40F3-A559-2BAAFD4E139E}.Debug|x64.ActiveCfg = Debug|x64
		{64D1CFC8-0B5F-40F3-A559-2BAAFD4E139E}.Debug|x64.Build.0 = Debug|x64
		{64D1CFC8-0B5F-40F3-A559-2BAAFD4E139E}.Debug|x64.Deploy.0 = Debug|x64
		{64D1CFC8-0B5F-40F3-A559-2BAAFD4E139E}.Release|Win32.ActiveCfg = Release|Win32
		{64D1CFC8-0B5F-40F3-A559-2BAAFD4E139E}.Release|Win32.Build.0 = Release|Win32
		{64D1CFC8-0B5F-40F3-A559-2BAAFD4E139E}.Release|Win32.Deploy.0 = Release|Win32
		{64D1CFC8-0B5F-40F3-A559-2BAAFD4E139E}.Release|x64.ActiveCfg = Release|x64
		{64D1CFC8-0B5F-40F3-A559-2BAAFD4E139E}.Release|x64.Build.0 = Release|x64
		{64D1CFC8-0B5F-40F3-A559-2BAAFD4E139E}.Release|x64.Deploy.0 = Release|x64
		{42A1CCD8-FD10-4EC7-8CE3-0CD331BDB5F9}.Debug|Win32.ActiveCfg = Debug|Win32
		{42A1CCD8-FD10-4EC7-8CE3-0CD331BDB5F9}.Debug|Win32.Build.0 = Debug|Win32
		{42A1CCD8-FD10-4EC7-8CE3-0CD331BDB5F9}.Debug|Win32.Deploy.0 = Debug|Win32
		{42A1CCD8-FD10-4EC7-8CE3-0CD331BDB5F9}.Debug|x64.ActiveCfg = Debug|x64
		{42A1CCD8-FD10-4EC7-8CE3-0CD331BDB5F9}.Debug|x64.Build.0 = Debug|x64
		{42A1CCD8-FD10-4EC7-8CE3-0CD331BDB5F9}.Debug|x64.Deploy.0 = Debug|x64
		{42A1CCD8-FD10-4EC7-8CE3-0CD331BDB5F9}.Release|Win32.ActiveCfg = Release|Win32
		{42A1CCD8-FD10-4EC7-8CE3-0CD331BDB5F9}.Release|Win32.Build.0 = Release|Win32
		{42A1CCD8-FD10-4EC7-8CE3-0CD331BDB5F9}.Release|Win32.Deploy.0 = Release|Win32
		{42A1CCD8-FD10-4EC7-8CE3-0CD331BDB5F9}.Release|x64.ActiveCfg = Release|x64
		{42A1CCD8-FD10-4EC7-8CE3-0CD331BDB5F9}.Release|x64.Build.0 = Release|x64
		{42A1CCD8-FD10-4EC7-8CE3-0CD331BDB5F9}.Release|x64.Deploy.0 = Release|x64
		{D6E5729A-8567-47F5-9BAB-1EFA3AAF3F8F}.Debug|Win32.ActiveCfg = Debug|Win32
		{D6E5729A-8567-47F5-9BAB-1EFA3AAF3F8F}.Debug|Win32.Build.0 = Debug|Win32
		{D6E5729A-8567-47F5-9BAB-1EFA3AAF3F8F}.Debug|Win32.Deploy.0 = Debug|Win32
		{D6E5729A-8567-47F5-9BAB-1EFA3AAF3F8F}.Debug|x64.ActiveCfg = Debug|x64
		{D6E5729A-8567-47F5-9BAB-1EFA3AAF3F8F}.Debug|x64.Build.0 = Debug|x64
		{D6E5729A-8567-47F5-9BAB-1EFA3AAF3F8F}.Debug|x64.Deploy.0 = Debug|x64
		{D6E5729A-8567-47F5-9BAB-1EFA3AAF3F8F}.Release|Win32.ActiveCfg = Release|Win32
		{D6E5729A-8567-47F5-9BAB-1EFA3AAF3F8F}.Release|Win32.Build.0 = Release|Win32
		{D6E5729A-8567-47F5-9BAB-1EFA3AAF3F8F}.Release|Win32.Deploy.0 = Release|Win32
		{D6E5729A-8567-47F5-9BAB-1EFA3AAF3F8F}.Release|x64.ActiveCfg = Release|x64
		{D6E5729A-8567-47F5-9BAB-1EFA3AAF3F8F}.Release|x64.Build.0 = Release|x64
		{D6E5729A-8567-47F5-9BAB-1EFA3AAF3F8F}.Release|x64.Deploy.0 = Release|x64
		{237CD579-468B-4F2B-A9F8-C425A6FB57C2}.Debug|Win32.ActiveCfg = Debug|Win32
		{237CD579-468B-4F2B-A9F8-C425A6FB57C2}.Debug|Win32.Build.0 = Debug|Win32
		{237CD579-468B-4F2B-A9F8-C425A6FB57C2}.Debug|Win32.Deploy.0 = Debug|Win32
		{237CD579-468B-4F2B-A9F8-C425A6FB57C2}.Debug|x64.ActiveCfg = Debug|x64
		{237CD579-468B-4F2B-A9F8-C425A6FB57C2}.Debug|x64.Build.0 = Debug|x64
		{237CD579-468B-4F2B-A9F8-C425A6FB57C2}.Debug|x64.Deploy.0 = Debug|x64
		{237CD579-468B-4F2B-A9F8-C425A6FB57C2}.Release|Win32.ActiveCfg = Release|Win32
		{237CD579-468B-4F2B-A9F8-C425A6FB57C2}.Release|Win32.Build.0 = Release|Win32
		{237CD579-468B-4F2B-A9F8-C425A6FB57C2}.Release|Win32.Deploy.0 = Release|Win32
		{237CD579-468B-4F2B-A9F8-C425A6FB57C2}.Release|x64.ActiveCfg = Release|x64
		{237CD579-468B-4F2B-A9F8-C425A6FB57C2}.Release|x64.Build.0 = Release|x64
		{237CD579-468B-4F2B-A9F8-C425A6FB57C2}.Release|x64.Deploy.0 = Release|x64
		{E9D07255-AE06-461E-9D87-4F1395D9F912}.Debug|Win32.ActiveCfg = Debug|Win32
		{E9D07255-AE06-461E-9D87-4F1395D9F912}.Debug|Win32.Build.0 = Debug|Win32
		{E9D07255-AE06-461E-9D87-4F1395D9F912}.Debug|Win32.Deploy.0 = Debug|Win32
		{E9D07255-AE06-461E-9D87-4F1395D9F912}.Debug|x64.ActiveCfg = Debug|x64
		{E9D07255-AE06-461E-9D87-4F1395D9F912}.Debug|x64.Build.0 = Debug|x64
		{E9D07255-AE06-461E-9D87-4F1395D9F912}.Debug|x64.Deploy.0 = Debug|x64
		{E9D07255-AE06-461E-9D87-4F1395D9F912}.Release|Win32.ActiveCfg = Release|Win32
		{E9D07255-AE06-461E-9D87-4F1395D9F912}.Release|Win32.Build.0 = Release|Win32
		{E9D07255-AE06-461E-9D87-4F1395D9F912}.Release|Win32.Deploy.0 = Release|Win32
		{E9D07255-AE06-461E-9D87-4F1395D9F912}.Release|x64.ActiveCfg = Release|x64
		{E9D07255-AE06-461E-9D87-4F1395D9F912}.Release|x64.Build.0 = Release|x64
		{E9D07255-AE06-461E-9D87-4F1395D9F912}.Release|x64.Deploy.0 = Release|x64
		{1B73221D-FBA3-47B4-A9A2-FBD13A2E2C43}.Debug|Win32.ActiveCfg = Debug|Win32
		{1B73221D-FBA3-47B4-A9A2-FBD13A2E2C43}.Debug|Win32.Build.0 = Debug|Win32
		{1B73221D-FBA3-47B4-A9A2-FBD13A2E2C43}.Debug|Win32.Deploy.0 = Debug|Win32
		{1B73221D-FBA3-47B4-A9A2-FBD13A2E2C43}.Debug|x64.ActiveCfg = Debug|x64
		{1B73221D-FBA3-47B4-A9A2-FBD13A2E2C43}.Debug|x64.Build.0 = Debug|x64
		{1B73221D-FBA3-47B4-A9A2-FBD13A2E2C43}.Debug|x64.Deploy.0 = Debug|x64
		{1B73221D-FBA3-47B4-A9A2-FBD13A2E2C43}.Release|Win32.ActiveCfg = Release|Win32
		{1B73221D-FBA3-47B4-A9A2-FBD13A2E2C43}.Release|Win32.Build.0 = Release|Win32
		{1B73221D-FBA3-47B4-A9A2-FBD13A2E2C43}.Release|Win32.Deploy.0 = Release|Win32
		{1B73221D-FBA3-47B4-A9A2-FBD13A2E2C43}.Release|x64.ActiveCfg = Release|x64
		{1B73221D-FBA3-47B4-A9A2-FBD13A2E2C43}.Release|x64.Build.0 = Release|x64
		{1B73221D-FBA3-47B4-A9A2-FBD13A2E2C43}.Release|x64.Deploy.0 = Release|x64
		{2CDC96DF-E062-460E-8832-07D888A7C3FC}.Debug|Win32.ActiveCfg = Debug|Win32
		{2CDC96DF-E062-460E-8832-07D888A7C3FC}.Debug|Win32.Build.0 = Debug|Win32
		{2CDC96DF-E062-460E-8832-07D888A7C3FC}.Debug|Win32.Deploy.0 = Debug|Win32
		{2CDC96DF-E062-460E-8832-07D888A7C3FC}.Debug|x64.ActiveCfg = Debug|x64
		{2CDC96DF-E062-460E-8832-07D888A7C3FC}.Debug|x64.Build.0 = Debug|x64
		{2CDC96DF-E062-460E-8832-07D888A7C3FC}.Debug|x64.Deploy.0 = Debug|x64
		{2CDC96DF-E062-460E-8832-07D888A7C3FC}.Release|Win32.ActiveCfg = Release|Win32
		{2CDC96DF-E062-460E-8832-07D888A7C3FC}.Release|Win32.Build.0 = Release|Win32
		{2CDC96DF-E062-460E-8832-07D888A7C3FC}.Release|Win32.Deploy.0 = Release|Win32
		{2CDC96DF-E062-460E-8832-07D888A7C3FC}.Release|x64.ActiveCfg = Release|x64
		{2CDC96DF-E062-460E-8832-07D888A7C3FC}.Release|x64.Build.0 = Release|x64
		{2CDC96DF-E062-460E-8832-07D888A7C3FC}.Release|x64.Deploy.0 = Release|x64
	EndGlobalSection
	GlobalSection(SolutionProperties) = preSolution
		HideSolutionNode = FALSE
	EndGlobalSection
EndGlobal
