
Microsoft Visual Studio Solution File, Format Version 11.00
# Visual Studio Version 16
Project("{8BC9CEB8-8B4A-11D0-8D11-00A0C91BC942}") = "3d", "3d.vcxproj", "{C5FF2252-3E74-4519-8E1F-887EB2BEB3CB}"
EndProject
Project("{8BC9CEB8-8B4A-11D0-8D11-00A0C91BC942}") = "3d_multi", "3d_multi.vcxproj", "{FBB37316-88DA-4DFA-9701-6C59DB035AFF}"
EndProject
Project("{8BC9CEB8-8B4A-11D0-8D11-00A0C91BC942}") = "event_parameter", "event_parameter.vcxproj", "{015E2519-5389-44E8-A845-7355F84FF6BF}"
EndProject
Project("{8BC9CEB8-8B4A-11D0-8D11-00A0C91BC942}") = "load_banks", "load_banks.vcxproj", "{5B2578D7-0A4D-4095-8B6C-233BAD3DCA09}"
EndProject
Project("{8BC9CEB8-8B4A-11D0-8D11-00A0C91BC942}") = "music_callbacks", "music_callbacks.vcxproj", "{B0FC799E-437F-411F-AC7E-CB7C061C9832}"
EndProject
Project("{8BC9CEB8-8B4A-11D0-8D11-00A0C91BC942}") = "objectpan", "objectpan.vcxproj", "{3E84FBE5-86EA-43C1-8D19-F1010F312F56}"
EndProject
Project("{8BC9CEB8-8B4A-11D0-8D11-00A0C91BC942}") = "programmer_sound", "programmer_sound.vcxproj", "{9A53408A-A038-4548-AC94-06D3539973FF}"
EndProject
Project("{8BC9CEB8-8B4A-11D0-8D11-00A0C91BC942}") = "recording_playback", "recording_playback.vcxproj", "{6049F4DC-B302-4A63-98C5-9579BFFEB544}"
EndProject
Project("{8BC9CEB8-8B4A-11D0-8D11-00A0C91BC942}") = "simple_event", "simple_event.vcxproj", "{4A0D310D-8743-4046-B4F0-80B4C21747DA}"
EndProject
Global
	GlobalSection(SolutionConfigurationPlatforms) = preSolution
		Debug|Win32 = Debug|Win32
		Debug|x64 = Debug|x64
		Release|Win32 = Release|Win32
		Release|x64 = Release|x64
	EndGlobalSection
	GlobalSection(ProjectConfigurationPlatforms) = postSolution
		{C5FF2252-3E74-4519-8E1F-887EB2BEB3CB}.Debug|Win32.ActiveCfg = Debug|Win32
		{C5FF2252-3E74-4519-8E1F-887EB2BEB3CB}.Debug|Win32.Build.0 = Debug|Win32
		{C5FF2252-3E74-4519-8E1F-887EB2BEB3CB}.Debug|Win32.Deploy.0 = Debug|Win32
		{C5FF2252-3E74-4519-8E1F-887EB2BEB3CB}.Debug|x64.ActiveCfg = Debug|x64
		{C5FF2252-3E74-4519-8E1F-887EB2BEB3CB}.Debug|x64.Build.0 = Debug|x64
		{C5FF2252-3E74-4519-8E1F-887EB2BEB3CB}.Debug|x64.Deploy.0 = Debug|x64
		{C5FF2252-3E74-4519-8E1F-887EB2BEB3CB}.Release|Win32.ActiveCfg = Release|Win32
		{C5FF2252-3E74-4519-8E1F-887EB2BEB3CB}.Release|Win32.Build.0 = Release|Win32
		{C5FF2252-3E74-4519-8E1F-887EB2BEB3CB}.Release|Win32.Deploy.0 = Release|Win32
		{C5FF2252-3E74-4519-8E1F-887EB2BEB3CB}.Release|x64.ActiveCfg = Release|x64
		{C5FF2252-3E74-4519-8E1F-887EB2BEB3CB}.Release|x64.Build.0 = Release|x64
		{C5FF2252-3E74-4519-8E1F-887EB2BEB3CB}.Release|x64.Deploy.0 = Release|x64
		{FBB37316-88DA-4DFA-9701-6C59DB035AFF}.Debug|Win32.ActiveCfg = Debug|Win32
		{FBB37316-88DA-4DFA-9701-6C59DB035AFF}.Debug|Win32.Build.0 = Debug|Win32
		{FBB37316-88DA-4DFA-9701-6C59DB035AFF}.Debug|Win32.Deploy.0 = Debug|Win32
		{FBB37316-88DA-4DFA-9701-6C59DB035AFF}.Debug|x64.ActiveCfg = Debug|x64
		{FBB37316-88DA-4DFA-9701-6C59DB035AFF}.Debug|x64.Build.0 = Debug|x64
		{FBB37316-88DA-4DFA-9701-6C59DB035AFF}.Debug|x64.Deploy.0 = Debug|x64
		{FBB37316-88DA-4DFA-9701-6C59DB035AFF}.Release|Win32.ActiveCfg = Release|Win32
		{FBB37316-88DA-4DFA-9701-6C59DB035AFF}.Release|Win32.Build.0 = Release|Win32
		{FBB37316-88DA-4DFA-9701-6C59DB035AFF}.Release|Win32.Deploy.0 = Release|Win32
		{FBB37316-88DA-4DFA-9701-6C59DB035AFF}.Release|x64.ActiveCfg = Release|x64
		{FBB37316-88DA-4DFA-9701-6C59DB035AFF}.Release|x64.Build.0 = Release|x64
		{FBB37316-88DA-4DFA-9701-6C59DB035AFF}.Release|x64.Deploy.0 = Release|x64
		{015E2519-5389-44E8-A845-7355F84FF6BF}.Debug|Win32.ActiveCfg = Debug|Win32
		{015E2519-5389-44E8-A845-7355F84FF6BF}.Debug|Win32.Build.0 = Debug|Win32
		{015E2519-5389-44E8-A845-7355F84FF6BF}.Debug|Win32.Deploy.0 = Debug|Win32
		{015E2519-5389-44E8-A845-7355F84FF6BF}.Debug|x64.ActiveCfg = Debug|x64
		{015E2519-5389-44E8-A845-7355F84FF6BF}.Debug|x64.Build.0 = Debug|x64
		{015E2519-5389-44E8-A845-7355F84FF6BF}.Debug|x64.Deploy.0 = Debug|x64
		{015E2519-5389-44E8-A845-7355F84FF6BF}.Release|Win32.ActiveCfg = Release|Win32
		{015E2519-5389-44E8-A845-7355F84FF6BF}.Release|Win32.Build.0 = Release|Win32
		{015E2519-5389-44E8-A845-7355F84FF6BF}.Release|Win32.Deploy.0 = Release|Win32
		{015E2519-5389-44E8-A845-7355F84FF6BF}.Release|x64.ActiveCfg = Release|x64
		{015E2519-5389-44E8-A845-7355F84FF6BF}.Release|x64.Build.0 = Release|x64
		{015E2519-5389-44E8-A845-7355F84FF6BF}.Release|x64.Deploy.0 = Release|x64
		{5B2578D7-0A4D-4095-8B6C-233BAD3DCA09}.Debug|Win32.ActiveCfg = Debug|Win32
		{5B2578D7-0A4D-4095-8B6C-233BAD3DCA09}.Debug|Win32.Build.0 = Debug|Win32
		{5B2578D7-0A4D-4095-8B6C-233BAD3DCA09}.Debug|Win32.Deploy.0 = Debug|Win32
		{5B2578D7-0A4D-4095-8B6C-233BAD3DCA09}.Debug|x64.ActiveCfg = Debug|x64
		{5B2578D7-0A4D-4095-8B6C-233BAD3DCA09}.Debug|x64.Build.0 = Debug|x64
		{5B2578D7-0A4D-4095-8B6C-233BAD3DCA09}.Debug|x64.Deploy.0 = Debug|x64
		{5B2578D7-0A4D-4095-8B6C-233BAD3DCA09}.Release|Win32.ActiveCfg = Release|Win32
		{5B2578D7-0A4D-4095-8B6C-233BAD3DCA09}.Release|Win32.Build.0 = Release|Win32
		{5B2578D7-0A4D-4095-8B6C-233BAD3DCA09}.Release|Win32.Deploy.0 = Release|Win32
		{5B2578D7-0A4D-4095-8B6C-233BAD3DCA09}.Release|x64.ActiveCfg = Release|x64
		{5B2578D7-0A4D-4095-8B6C-233BAD3DCA09}.Release|x64.Build.0 = Release|x64
		{5B2578D7-0A4D-4095-8B6C-233BAD3DCA09}.Release|x64.Deploy.0 = Release|x64
		{B0FC799E-437F-411F-AC7E-CB7C061C9832}.Debug|Win32.ActiveCfg = Debug|Win32
		{B0FC799E-437F-411F-AC7E-CB7C061C9832}.Debug|Win32.Build.0 = Debug|Win32
		{B0FC799E-437F-411F-AC7E-CB7C061C9832}.Debug|Win32.Deploy.0 = Debug|Win32
		{B0FC799E-437F-411F-AC7E-CB7C061C9832}.Debug|x64.ActiveCfg = Debug|x64
		{B0FC799E-437F-411F-AC7E-CB7C061C9832}.Debug|x64.Build.0 = Debug|x64
		{B0FC799E-437F-411F-AC7E-CB7C061C9832}.Debug|x64.Deploy.0 = Debug|x64
		{B0FC799E-437F-411F-AC7E-CB7C061C9832}.Release|Win32.ActiveCfg = Release|Win32
		{B0FC799E-437F-411F-AC7E-CB7C061C9832}.Release|Win32.Build.0 = Release|Win32
		{B0FC799E-437F-411F-AC7E-CB7C061C9832}.Release|Win32.Deploy.0 = Release|Win32
		{B0FC799E-437F-411F-AC7E-CB7C061C9832}.Release|x64.ActiveCfg = Release|x64
		{B0FC799E-437F-411F-AC7E-CB7C061C9832}.Release|x64.Build.0 = Release|x64
		{B0FC799E-437F-411F-AC7E-CB7C061C9832}.Release|x64.Deploy.0 = Release|x64
		{3E84FBE5-86EA-43C1-8D19-F1010F312F56}.Debug|Win32.ActiveCfg = Debug|Win32
		{3E84FBE5-86EA-43C1-8D19-F1010F312F56}.Debug|Win32.Build.0 = Debug|Win32
		{3E84FBE5-86EA-43C1-8D19-F1010F312F56}.Debug|Win32.Deploy.0 = Debug|Win32
		{3E84FBE5-86EA-43C1-8D19-F1010F312F56}.Debug|x64.ActiveCfg = Debug|x64
		{3E84FBE5-86EA-43C1-8D19-F1010F312F56}.Debug|x64.Build.0 = Debug|x64
		{3E84FBE5-86EA-43C1-8D19-F1010F312F56}.Debug|x64.Deploy.0 = Debug|x64
		{3E84FBE5-86EA-43C1-8D19-F1010F312F56}.Release|Win32.ActiveCfg = Release|Win32
		{3E84FBE5-86EA-43C1-8D19-F1010F312F56}.Release|Win32.Build.0 = Release|Win32
		{3E84FBE5-86EA-43C1-8D19-F1010F312F56}.Release|Win32.Deploy.0 = Release|Win32
		{3E84FBE5-86EA-43C1-8D19-F1010F312F56}.Release|x64.ActiveCfg = Release|x64
		{3E84FBE5-86EA-43C1-8D19-F1010F312F56}.Release|x64.Build.0 = Release|x64
		{3E84FBE5-86EA-43C1-8D19-F1010F312F56}.Release|x64.Deploy.0 = Release|x64
		{9A53408A-A038-4548-AC94-06D3539973FF}.Debug|Win32.ActiveCfg = Debug|Win32
		{9A53408A-A038-4548-AC94-06D3539973FF}.Debug|Win32.Build.0 = Debug|Win32
		{9A53408A-A038-4548-AC94-06D3539973FF}.Debug|Win32.Deploy.0 = Debug|Win32
		{9A53408A-A038-4548-AC94-06D3539973FF}.Debug|x64.ActiveCfg = Debug|x64
		{9A53408A-A038-4548-AC94-06D3539973FF}.Debug|x64.Build.0 = Debug|x64
		{9A53408A-A038-4548-AC94-06D3539973FF}.Debug|x64.Deploy.0 = Debug|x64
		{9A53408A-A038-4548-AC94-06D3539973FF}.Release|Win32.ActiveCfg = Release|Win32
		{9A53408A-A038-4548-AC94-06D3539973FF}.Release|Win32.Build.0 = Release|Win32
		{9A53408A-A038-4548-AC94-06D3539973FF}.Release|Win32.Deploy.0 = Release|Win32
		{9A53408A-A038-4548-AC94-06D3539973FF}.Release|x64.ActiveCfg = Release|x64
		{9A53408A-A038-4548-AC94-06D3539973FF}.Release|x64.Build.0 = Release|x64
		{9A53408A-A038-4548-AC94-06D3539973FF}.Release|x64.Deploy.0 = Release|x64
		{6049F4DC-B302-4A63-98C5-9579BFFEB544}.Debug|Win32.ActiveCfg = Debug|Win32
		{6049F4DC-B302-4A63-98C5-9579BFFEB544}.Debug|Win32.Build.0 = Debug|Win32
		{6049F4DC-B302-4A63-98C5-9579BFFEB544}.Debug|Win32.Deploy.0 = Debug|Win32
		{6049F4DC-B302-4A63-98C5-9579BFFEB544}.Debug|x64.ActiveCfg = Debug|x64
		{6049F4DC-B302-4A63-98C5-9579BFFEB544}.Debug|x64.Build.0 = Debug|x64
		{6049F4DC-B302-4A63-98C5-9579BFFEB544}.Debug|x64.Deploy.0 = Debug|x64
		{6049F4DC-B302-4A63-98C5-9579BFFEB544}.Release|Win32.ActiveCfg = Release|Win32
		{6049F4DC-B302-4A63-98C5-9579BFFEB544}.Release|Win32.Build.0 = Release|Win32
		{6049F4DC-B302-4A63-98C5-9579BFFEB544}.Release|Win32.Deploy.0 = Release|Win32
		{6049F4DC-B302-4A63-98C5-9579BFFEB544}.Release|x64.ActiveCfg = Release|x64
		{6049F4DC-B302-4A63-98C5-9579BFFEB544}.Release|x64.Build.0 = Release|x64
		{6049F4DC-B302-4A63-98C5-9579BFFEB544}.Release|x64.Deploy.0 = Release|x64
		{4A0D310D-8743-4046-B4F0-80B4C21747DA}.Debug|Win32.ActiveCfg = Debug|Win32
		{4A0D310D-8743-4046-B4F0-80B4C21747DA}.Debug|Win32.Build.0 = Debug|Win32
		{4A0D310D-8743-4046-B4F0-80B4C21747DA}.Debug|Win32.Deploy.0 = Debug|Win32
		{4A0D310D-8743-4046-B4F0-80B4C21747DA}.Debug|x64.ActiveCfg = Debug|x64
		{4A0D310D-8743-4046-B4F0-80B4C21747DA}.Debug|x64.Build.0 = Debug|x64
		{4A0D310D-8743-4046-B4F0-80B4C21747DA}.Debug|x64.Deploy.0 = Debug|x64
		{4A0D310D-8743-4046-B4F0-80B4C21747DA}.Release|Win32.ActiveCfg = Release|Win32
		{4A0D310D-8743-4046-B4F0-80B4C21747DA}.Release|Win32.Build.0 = Release|Win32
		{4A0D310D-8743-4046-B4F0-80B4C21747DA}.Release|Win32.Deploy.0 = Release|Win32
		{4A0D310D-8743-4046-B4F0-80B4C21747DA}.Release|x64.ActiveCfg = Release|x64
		{4A0D310D-8743-4046-B4F0-80B4C21747DA}.Release|x64.Build.0 = Release|x64
		{4A0D310D-8743-4046-B4F0-80B4C21747DA}.Release|x64.Deploy.0 = Release|x64
	EndGlobalSection
	GlobalSection(SolutionProperties) = preSolution
		HideSolutionNode = FALSE
	EndGlobalSection
EndGlobal
